
Microsoft Visual Studio Solution File, Format Version 12.00
Project("{FAE04EC0-301F-11D3-BF4B-00C04F79EFBC}") = "FootballersCatalog", "FootballersCatalog\FootballersCatalog.csproj", "{AF085296-CAB0-4D24-9D25-F3921DFF863B}"
EndProject
Global
	GlobalSection(SolutionConfigurationPlatforms) = preSolution
		Debug|Any CPU = Debug|Any CPU
		Release|Any CPU = Release|Any CPU
	EndGlobalSection
	GlobalSection(ProjectConfigurationPlatforms) = postSolution
		{AF085296-CAB0-4D24-9D25-F3921DFF863B}.Debug|Any CPU.ActiveCfg = Debug|Any CPU
		{AF085296-CAB0-4D24-9D25-F3921DFF863B}.Debug|Any CPU.Build.0 = Debug|Any CPU
		{AF085296-CAB0-4D24-9D25-F3921DFF863B}.Release|Any CPU.ActiveCfg = Release|Any CPU
		{AF085296-CAB0-4D24-9D25-F3921DFF863B}.Release|Any CPU.Build.0 = Release|Any CPU
	EndGlobalSection
EndGlobal
